// !$*UTF8*$!
{
	archiveVersion = 1;
	classes = {
	};
	objectVersion = 46;
	objects = {

/* Begin PBXBuildFile section */
		894504921EF920F500EDDF23 /* AppDelegate.swift in Sources */ = {isa = PBXBuildFile; fileRef = 894504911EF920F500EDDF23 /* AppDelegate.swift */; };
		894504941EF920F500EDDF23 /* ViewController.swift in Sources */ = {isa = PBXBuildFile; fileRef = 894504931EF920F500EDDF23 /* ViewController.swift */; };
		894504971EF920F500EDDF23 /* Main.storyboard in Resources */ = {isa = PBXBuildFile; fileRef = 894504951EF920F500EDDF23 /* Main.storyboard */; };
		894504991EF920F500EDDF23 /* Assets.xcassets in Resources */ = {isa = PBXBuildFile; fileRef = 894504981EF920F500EDDF23 /* Assets.xcassets */; };
		8945049C1EF920F500EDDF23 /* LaunchScreen.storyboard in Resources */ = {isa = PBXBuildFile; fileRef = 8945049A1EF920F500EDDF23 /* LaunchScreen.storyboard */; };
/* End PBXBuildFile section */

/* Begin PBXFileReference section */
		8945048E1EF920F500EDDF23 /* TCPSocketClient.app */ = {isa = PBXFileReference; explicitFileType = wrapper.application; includeInIndex = 0; path = TCPSocketClient.app; sourceTree = BUILT_PRODUCTS_DIR; };
		894504911EF920F500EDDF23 /* AppDelegate.swift */ = {isa = PBXFileReference; lastKnownFileType = sourcecode.swift; path = AppDelegate.swift; sourceTree = "<group>"; };
		894504931EF920F500EDDF23 /* ViewController.swift */ = {isa = PBXFileReference; lastKnownFileType = sourcecode.swift; path = ViewController.swift; sourceTree = "<group>"; };
		894504961EF920F500EDDF23 /* Base */ = {isa = PBXFileReference; lastKnownFileType = file.storyboard; name = Base; path = Base.lproj/Main.storyboard; sourceTree = "<group>"; };
		894504981EF920F500EDDF23 /* Assets.xcassets */ = {isa = PBXFileReference; lastKnownFileType = folder.assetcatalog; path = Assets.xcassets; sourceTree = "<group>"; };
		8945049B1EF920F500EDDF23 /* Base */ = {isa = PBXFileReference; lastKnownFileType = file.storyboard; name = Base; path = Base.lproj/LaunchScreen.storyboard; sourceTree = "<group>"; };
		8945049D1EF920F500EDDF23 /* Info.plist */ = {isa = PBXFileReference; lastKnownFileType = text.plist.xml; path = Info.plist; sourceTree = "<group>"; };
/* End PBXFileReference section */

/* Begin PBXFrameworksBuildPhase section */
		8945048B1EF920F500EDDF23 /* Frameworks */ = {
			isa = PBXFrameworksBuildPhase;
			buildActionMask = 2147483647;
			files = (
			);
			runOnlyForDeploymentPostprocessing = 0;
		};
/* End PBXFrameworksBuildPhase section */

/* Begin PBXGroup section */
		894504851EF920F500EDDF23 = {
			isa = PBXGroup;
			children = (
				894504901EF920F500EDDF23 /* TCPSocketClient */,
				8945048F1EF920F500EDDF23 /* Products */,
			);
			sourceTree = "<group>";
		};
		8945048F1EF920F500EDDF23 /* Products */ = {
			isa = PBXGroup;
			children = (
				8945048E1EF920F500EDDF23 /* TCPSocketClient.app */,
			);
			name = Products;
			sourceTree = "<group>";
		};
		894504901EF920F500EDDF23 /* TCPSocketClient */ = {
			isa = PBXGroup;
			children = (
				894504911EF920F500EDDF23 /* AppDelegate.swift */,
				894504931EF920F500EDDF23 /* ViewController.swift */,
				894504951EF920F500EDDF23 /* Main.storyboard */,
				894504981EF920F500EDDF23 /* Assets.xcassets */,
				8945049A1EF920F500EDDF23 /* LaunchScreen.storyboard */,
				8945049D1EF920F500EDDF23 /* Info.plist */,
			);
			path = TCPSocketClient;
			sourceTree = "<group>";
		};
/* End PBXGroup section */

/* Begin PBXNativeTarget section */
		8945048D1EF920F500EDDF23 /* TCPSocketClient */ = {
			isa = PBXNativeTarget;
			buildConfigurationList = 894504A01EF920F500EDDF23 /* Build configuration list for PBXNativeTarget "TCPSocketClient" */;
			buildPhases = (
				8945048A1EF920F500EDDF23 /* Sources */,
				8945048B1EF920F500EDDF23 /* Frameworks */,
				8945048C1EF920F500EDDF23 /* Resources */,
			);
			buildRules = (
			);
			dependencies = (
			);
			name = TCPSocketClient;
			productName = TCPSocketClient;
			productReference = 8945048E1EF920F500EDDF23 /* TCPSocketClient.app */;
			productType = "com.apple.product-type.application";
		};
/* End PBXNativeTarget section */

/* Begin PBXProject section */
		894504861EF920F500EDDF23 /* Project object */ = {
			isa = PBXProject;
			attributes = {
				LastSwiftUpdateCheck = 0820;
				LastUpgradeCheck = 0820;
				ORGANIZATIONNAME = sanjingrihua;
				TargetAttributes = {
					8945048D1EF920F500EDDF23 = {
						CreatedOnToolsVersion = 8.2;
						ProvisioningStyle = Automatic;
					};
				};
			};
			buildConfigurationList = 894504891EF920F500EDDF23 /* Build configuration list for PBXProject "TCPSocketClient" */;
			compatibilityVersion = "Xcode 3.2";
			developmentRegion = English;
			hasScannedForEncodings = 0;
			knownRegions = (
				en,
				Base,
			);
			mainGroup = 894504851EF920F500EDDF23;
			productRefGroup = 8945048F1EF920F500EDDF23 /* Products */;
			projectDirPath = "";
			projectRoot = "";
			targets = (
				8945048D1EF920F500EDDF23 /* TCPSocketClient */,
			);
		};
/* End PBXProject section */

/* Begin PBXResourcesBuildPhase section */
		8945048C1EF920F500EDDF23 /* Resources */ = {
			isa = PBXResourcesBuildPhase;
			buildActionMask = 2147483647;
			files = (
				8945049C1EF920F500EDDF23 /* LaunchScreen.storyboard in Resources */,
				894504991EF920F500EDDF23 /* Assets.xcassets in Resources */,
				894504971EF920F500EDDF23 /* Main.storyboard in Resources */,
			);
			runOnlyForDeploymentPostprocessing = 0;
		};
/* End PBXResourcesBuildPhase section */

/* Begin PBXSourcesBuildPhase section */
		8945048A1EF920F500EDDF23 /* Sources */ = {
			isa = PBXSourcesBuildPhase;
			buildActionMask = 2147483647;
			files = (
				894504941EF920F500EDDF23 /* ViewController.swift in Sources */,
				894504921EF920F500EDDF23 /* AppDelegate.swift in Sources */,
			);
			runOnlyForDeploymentPostprocessing = 0;
		};
/* End PBXSourcesBuildPhase section */

/* Begin PBXVariantGroup section */
		894504951EF920F500EDDF23 /* Main.storyboard */ = {
			isa = PBXVariantGroup;
			children = (
				894504961EF920F500EDDF23 /* Base */,
			);
			name = Main.storyboard;
			sourceTree = "<group>";
		};
		8945049A1EF920F500EDDF23 /* LaunchScreen.storyboard */ = {
			isa = PBXVariantGroup;
			children = (
				8945049B1EF920F500EDDF23 /* Base */,
			);
			name = LaunchScreen.storyboard;
			sourceTree = "<group>";
		};
/* End PBXVariantGroup section */

/* Begin XCBuildConfiguration section */
		8945049E1EF920F500EDDF23 /* Debug */ = {
			isa = XCBuildConfiguration;
			buildSettings = {
				ALWAYS_SEARCH_USER_PATHS = NO;
				CLANG_ANALYZER_NONNULL = YES;
				CLANG_CXX_LANGUAGE_STANDARD = "gnu++0x";
				CLANG_CXX_LIBRARY = "libc++";
				CLANG_ENABLE_MODULES = YES;
				CLANG_ENABLE_OBJC_ARC = YES;
				CLANG_WARN_BOOL_CONVERSION = YES;
				CLANG_WARN_CONSTANT_CONVERSION = YES;
				CLANG_WARN_DIRECT_OBJC_ISA_USAGE = YES_ERROR;
				CLANG_WARN_DOCUMENTATION_COMMENTS = YES;
				CLANG_WARN_EMPTY_BODY = YES;
				CLANG_WARN_ENUM_CONVERSION = YES;
				CLANG_WARN_INFINITE_RECURSION = YES;
				CLANG_WARN_INT_CONVERSION = YES;
				CLANG_WARN_OBJC_ROOT_CLASS = YES_ERROR;
				CLANG_WARN_SUSPICIOUS_MOVE = YES;
				CLANG_WARN_UNREACHABLE_CODE = YES;
				CLANG_WARN__DUPLICATE_METHOD_MATCH = YES;
				"CODE_SIGN_IDENTITY[sdk=iphoneos*]" = "iPhone Developer";
				COPY_PHASE_STRIP = NO;
				DEBUG_INFORMATION_FORMAT = dwarf;
				ENABLE_STRICT_OBJC_MSGSEND = YES;
				ENABLE_TESTABILITY = YES;
				GCC_C_LANGUAGE_STANDARD = gnu99;
				GCC_DYNAMIC_NO_PIC = NO;
				GCC_NO_COMMON_BLOCKS = YES;
				GCC_OPTIMIZATION_LEVEL = 0;
				GCC_PREPROCESSOR_DEFINITIONS = (
					"DEBUG=1",
					"$(inherited)",
				);
				GCC_WARN_64_TO_32_BIT_CONVERSION = YES;
				GCC_WARN_ABOUT_RETURN_TYPE = YES_ERROR;
				GCC_WARN_UNDECLARED_SELECTOR = YES;
				GCC_WARN_UNINITIALIZED_AUTOS = YES_AGGRESSIVE;
				GCC_WARN_UNUSED_FUNCTION = YES;
				GCC_WARN_UNUSED_VARIABLE = YES;
				IPHONEOS_DEPLOYMENT_TARGET = 10.2;
				MTL_ENABLE_DEBUG_INFO = YES;
				ONLY_ACTIVE_ARCH = YES;
				SDKROOT = iphoneos;
				SWIFT_ACTIVE_COMPILATION_CONDITIONS = DEBUG;
				SWIFT_OPTIMIZATION_LEVEL = "-Onone";
			};
			name = Debug;
		};
		8945049F1EF920F500EDDF23 /* Release */ = {
			isa = XCBuildConfiguration;
			buildSettings = {
				ALWAYS_SEARCH_USER_PATHS = NO;
				CLANG_ANALYZER_NONNULL = YES;
				CLANG_CXX_LANGUAGE_STANDARD = "gnu++0x";
				CLANG_CXX_LIBRARY = "libc++";
				CLANG_ENABLE_MODULES = YES;
				CLANG_ENABLE_OBJC_ARC = YES;
				CLANG_WARN_BOOL_CONVERSION = YES;
				CLANG_WARN_CONSTANT_CONVERSION = YES;
				CLANG_WARN_DIRECT_OBJC_ISA_USAGE = YES_ERROR;
				CLANG_WARN_DOCUMENTATION_COMMENTS = YES;
				CLANG_WARN_EMPTY_BODY = YES;
				CLANG_WARN_ENUM_CONVERSION = YES;
				CLANG_WARN_INFINITE_RECURSION = YES;
				CLANG_WARN_INT_CONVERSION = YES;
				CLANG_WARN_OBJC_ROOT_CLASS = YES_ERROR;
				CLANG_WARN_SUSPICIOUS_MOVE = YES;
				CLANG_WARN_UNREACHABLE_CODE = YES;
				CLANG_WARN__DUPLICATE_METHOD_MATCH = YES;
				"CODE_SIGN_IDENTITY[sdk=iphoneos*]" = "iPhone Developer";
				COPY_PHASE_STRIP = NO;
				DEBUG_INFORMATION_FORMAT = "dwarf-with-dsym";
				ENABLE_NS_ASSERTIONS = NO;
				ENABLE_STRICT_OBJC_MSGSEND = YES;
				GCC_C_LANGUAGE_STANDARD = gnu99;
				GCC_NO_COMMON_BLOCKS = YES;
				GCC_WARN_64_TO_32_BIT_CONVERSION = YES;
				GCC_WARN_ABOUT_RETURN_TYPE = YES_ERROR;
				GCC_WARN_UNDECLARED_SELECTOR = YES;
				GCC_WARN_UNINITIALIZED_AUTOS = YES_AGGRESSIVE;
				GCC_WARN_UNUSED_FUNCTION = YES;
				GCC_WARN_UNUSED_VARIABLE = YES;
				IPHONEOS_DEPLOYMENT_TARGET = 10.2;
				MTL_ENABLE_DEBUG_INFO = NO;
				SDKROOT = iphoneos;
				SWIFT_OPTIMIZATION_LEVEL = "-Owholemodule";
				VALIDATE_PRODUCT = YES;
			};
			name = Release;
		};
		894504A11EF920F500EDDF23 /* Debug */ = {
			isa = XCBuildConfiguration;
			buildSettings = {
				ASSETCATALOG_COMPILER_APPICON_NAME = AppIcon;
				INFOPLIST_FILE = TCPSocketClient/Info.plist;
				LD_RUNPATH_SEARCH_PATHS = "$(inherited) @executable_path/Frameworks";
				PRODUCT_BUNDLE_IDENTIFIER = com.sanjingrihua.TCPSocketClient;
				PRODUCT_NAME = "$(TARGET_NAME)";
				SWIFT_VERSION = 3.0;
			};
			name = Debug;
		};
		894504A21EF920F500EDDF23 /* Release */ = {
			isa = XCBuildConfiguration;
			buildSettings = {
				ASSETCATALOG_COMPILER_APPICON_NAME = AppIcon;
				INFOPLIST_FILE = TCPSocketClient/Info.plist;
				LD_RUNPATH_SEARCH_PATHS = "$(inherited) @executable_path/Frameworks";
				PRODUCT_BUNDLE_IDENTIFIER = com.sanjingrihua.TCPSocketClient;
				PRODUCT_NAME = "$(TARGET_NAME)";
				SWIFT_VERSION = 3.0;
			};
			name = Release;
		};
/* End XCBuildConfiguration section */

/* Begin XCConfigurationList section */
		894504891EF920F500EDDF23 /* Build configuration list for PBXProject "TCPSocketClient" */ = {
			isa = XCConfigurationList;
			buildConfigurations = (
				8945049E1EF920F500EDDF23 /* Debug */,
				8945049F1EF920F500EDDF23 /* Release */,
			);
			defaultConfigurationIsVisible = 0;
			defaultConfigurationName = Release;
		};
		894504A01EF920F500EDDF23 /* Build configuration list for PBXNativeTarget "TCPSocketClient" */ = {
			isa = XCConfigurationList;
			buildConfigurations = (
				894504A11EF920F500EDDF23 /* Debug */,
				894504A21EF920F500EDDF23 /* Release */,
			);
			defaultConfigurationIsVisible = 0;
		};
/* End XCConfigurationList section */
	};
	rootObject = 894504861EF920F500EDDF23 /* Project object */;
}
